
Microsoft Visual Studio Solution File, Format Version 12.00
Project("{FAE04EC0-301F-11D3-BF4B-00C04F79EFBC}") = "Reversi.Web", "Reversi.Web\Reversi.Web.csproj", "{42CBE2A0-008E-4E3C-9AA4-1FE8B63A7219}"
EndProject
Project("{2150E333-8FDC-42A3-9474-1A3956D46DE8}") = "src", "src", "{21331499-52E2-48E2-88D9-2A162DE5C0B2}"
EndProject
Project("{FAE04EC0-301F-11D3-BF4B-00C04F79EFBC}") = "Reversi.Business", "Reversi.Business\Reversi.Business.csproj", "{0F38FC36-9883-4AF8-AA61-7100D82F7C7D}"
EndProject
Project("{FAE04EC0-301F-11D3-BF4B-00C04F79EFBC}") = "Reversi.Business.Contracts", "Reversi.Business.Contracts\Reversi.Business.Contracts.csproj", "{5BF0A767-E406-42B6-9E74-7D65D191EBC0}"
EndProject
Global
	GlobalSection(SolutionConfigurationPlatforms) = preSolution
		Debug|Any CPU = Debug|Any CPU
		Release|Any CPU = Release|Any CPU
	EndGlobalSection
	GlobalSection(ProjectConfigurationPlatforms) = postSolution
		{42CBE2A0-008E-4E3C-9AA4-1FE8B63A7219}.Debug|Any CPU.ActiveCfg = Debug|Any CPU
		{42CBE2A0-008E-4E3C-9AA4-1FE8B63A7219}.Debug|Any CPU.Build.0 = Debug|Any CPU
		{42CBE2A0-008E-4E3C-9AA4-1FE8B63A7219}.Release|Any CPU.ActiveCfg = Release|Any CPU
		{42CBE2A0-008E-4E3C-9AA4-1FE8B63A7219}.Release|Any CPU.Build.0 = Release|Any CPU
		{0F38FC36-9883-4AF8-AA61-7100D82F7C7D}.Debug|Any CPU.ActiveCfg = Debug|Any CPU
		{0F38FC36-9883-4AF8-AA61-7100D82F7C7D}.Debug|Any CPU.Build.0 = Debug|Any CPU
		{0F38FC36-9883-4AF8-AA61-7100D82F7C7D}.Release|Any CPU.ActiveCfg = Release|Any CPU
		{0F38FC36-9883-4AF8-AA61-7100D82F7C7D}.Release|Any CPU.Build.0 = Release|Any CPU
		{5BF0A767-E406-42B6-9E74-7D65D191EBC0}.Debug|Any CPU.ActiveCfg = Debug|Any CPU
		{5BF0A767-E406-42B6-9E74-7D65D191EBC0}.Debug|Any CPU.Build.0 = Debug|Any CPU
		{5BF0A767-E406-42B6-9E74-7D65D191EBC0}.Release|Any CPU.ActiveCfg = Release|Any CPU
		{5BF0A767-E406-42B6-9E74-7D65D191EBC0}.Release|Any CPU.Build.0 = Release|Any CPU
	EndGlobalSection
	GlobalSection(NestedProjects) = preSolution
		{42CBE2A0-008E-4E3C-9AA4-1FE8B63A7219} = {21331499-52E2-48E2-88D9-2A162DE5C0B2}
		{0F38FC36-9883-4AF8-AA61-7100D82F7C7D} = {21331499-52E2-48E2-88D9-2A162DE5C0B2}
		{5BF0A767-E406-42B6-9E74-7D65D191EBC0} = {21331499-52E2-48E2-88D9-2A162DE5C0B2}
	EndGlobalSection
EndGlobal
